
Microsoft Visual Studio Solution File, Format Version 12.00
# Visual Studio Version 16
VisualStudioVersion = 16.0.31019.35
MinimumVisualStudioVersion = 10.0.40219.1
Project("{9A19103F-16F7-4668-BE54-9A1E7A4F7556}") = "BlazorWithFluxor.Server", "BlazorWithFluxor\Server\BlazorWithFluxor.Server.csproj", "{B4D434BA-E01F-4BE3-8330-DC80E6AD08A8}"
EndProject
Project("{9A19103F-16F7-4668-BE54-9A1E7A4F7556}") = "BlazorWithFluxor.Client", "BlazorWithFluxor\Client\BlazorWithFluxor.Client.csproj", "{0D3D37FC-D0C9-492F-8690-28189AED8480}"
EndProject
Project("{9A19103F-16F7-4668-BE54-9A1E7A4F7556}") = "BlazorWithFluxor.Shared", "BlazorWithFluxor\Shared\BlazorWithFluxor.Shared.csproj", "{FA22CE95-17D0-4296-B106-A28B6F7DE9FA}"
EndProject
Global
	GlobalSection(SolutionConfigurationPlatforms) = preSolution
		Debug|Any CPU = Debug|Any CPU
		Release|Any CPU = Release|Any CPU
	EndGlobalSection
	GlobalSection(ProjectConfigurationPlatforms) = postSolution
		{B4D434BA-E01F-4BE3-8330-DC80E6AD08A8}.Debug|Any CPU.ActiveCfg = Debug|Any CPU
		{B4D434BA-E01F-4BE3-8330-DC80E6AD08A8}.Debug|Any CPU.Build.0 = Debug|Any CPU
		{B4D434BA-E01F-4BE3-8330-DC80E6AD08A8}.Release|Any CPU.ActiveCfg = Release|Any CPU
		{B4D434BA-E01F-4BE3-8330-DC80E6AD08A8}.Release|Any CPU.Build.0 = Release|Any CPU
		{0D3D37FC-D0C9-492F-8690-28189AED8480}.Debug|Any CPU.ActiveCfg = Debug|Any CPU
		{0D3D37FC-D0C9-492F-8690-28189AED8480}.Debug|Any CPU.Build.0 = Debug|Any CPU
		{0D3D37FC-D0C9-492F-8690-28189AED8480}.Release|Any CPU.ActiveCfg = Release|Any CPU
		{0D3D37FC-D0C9-492F-8690-28189AED8480}.Release|Any CPU.Build.0 = Release|Any CPU
		{FA22CE95-17D0-4296-B106-A28B6F7DE9FA}.Debug|Any CPU.ActiveCfg = Debug|Any CPU
		{FA22CE95-17D0-4296-B106-A28B6F7DE9FA}.Debug|Any CPU.Build.0 = Debug|Any CPU
		{FA22CE95-17D0-4296-B106-A28B6F7DE9FA}.Release|Any CPU.ActiveCfg = Release|Any CPU
		{FA22CE95-17D0-4296-B106-A28B6F7DE9FA}.Release|Any CPU.Build.0 = Release|Any CPU
	EndGlobalSection
	GlobalSection(SolutionProperties) = preSolution
		HideSolutionNode = FALSE
	EndGlobalSection
	GlobalSection(ExtensibilityGlobals) = postSolution
		SolutionGuid = {865D6D02-9742-47F2-97B4-6A493EE628E7}
	EndGlobalSection
EndGlobal
